
Microsoft Visual Studio Solution File, Format Version 12.00
# Visual Studio 15
VisualStudioVersion = 15.0.27428.2005
MinimumVisualStudioVersion = 10.0.40219.1
Project("{FAE04EC0-301F-11D3-BF4B-00C04F79EFBC}") = "SimpleServer", "SimpleServer\SimpleServer.csproj", "{68464B08-B5A9-4B6A-965E-F4A38495D6FF}"
EndProject
Project("{FAE04EC0-301F-11D3-BF4B-00C04F79EFBC}") = "SimpleClient", "SimpleClient\SimpleClient.csproj", "{2C6537E1-1086-47EA-B158-378F644FC7DD}"
EndProject
Project("{FAE04EC0-301F-11D3-BF4B-00C04F79EFBC}") = "SimpleUDP", "SimpleUDP\SimpleUDP.csproj", "{DD71CC0F-D09F-4F50-A959-E061A84FB734}"
EndProject
Project("{FAE04EC0-301F-11D3-BF4B-00C04F79EFBC}") = "ChatProtocol", "ChatProtocol\ChatProtocol.csproj", "{2AC22AAB-0494-4BC8-8C24-8FD9675B86B7}"
EndProject
Project("{FAE04EC0-301F-11D3-BF4B-00C04F79EFBC}") = "NetworkBattleProtocol", "NetworkBattleProtocol\NetworkBattleProtocol.csproj", "{1BC709C7-5DAC-40B6-873D-EF71D085CF3D}"
EndProject
Global
	GlobalSection(SolutionConfigurationPlatforms) = preSolution
		Debug|Any CPU = Debug|Any CPU
		Release|Any CPU = Release|Any CPU
	EndGlobalSection
	GlobalSection(ProjectConfigurationPlatforms) = postSolution
		{68464B08-B5A9-4B6A-965E-F4A38495D6FF}.Debug|Any CPU.ActiveCfg = Debug|Any CPU
		{68464B08-B5A9-4B6A-965E-F4A38495D6FF}.Debug|Any CPU.Build.0 = Debug|Any CPU
		{68464B08-B5A9-4B6A-965E-F4A38495D6FF}.Release|Any CPU.ActiveCfg = Release|Any CPU
		{68464B08-B5A9-4B6A-965E-F4A38495D6FF}.Release|Any CPU.Build.0 = Release|Any CPU
		{2C6537E1-1086-47EA-B158-378F644FC7DD}.Debug|Any CPU.ActiveCfg = Debug|Any CPU
		{2C6537E1-1086-47EA-B158-378F644FC7DD}.Debug|Any CPU.Build.0 = Debug|Any CPU
		{2C6537E1-1086-47EA-B158-378F644FC7DD}.Release|Any CPU.ActiveCfg = Release|Any CPU
		{2C6537E1-1086-47EA-B158-378F644FC7DD}.Release|Any CPU.Build.0 = Release|Any CPU
		{DD71CC0F-D09F-4F50-A959-E061A84FB734}.Debug|Any CPU.ActiveCfg = Debug|Any CPU
		{DD71CC0F-D09F-4F50-A959-E061A84FB734}.Debug|Any CPU.Build.0 = Debug|Any CPU
		{DD71CC0F-D09F-4F50-A959-E061A84FB734}.Release|Any CPU.ActiveCfg = Release|Any CPU
		{DD71CC0F-D09F-4F50-A959-E061A84FB734}.Release|Any CPU.Build.0 = Release|Any CPU
		{2AC22AAB-0494-4BC8-8C24-8FD9675B86B7}.Debug|Any CPU.ActiveCfg = Debug|Any CPU
		{2AC22AAB-0494-4BC8-8C24-8FD9675B86B7}.Debug|Any CPU.Build.0 = Debug|Any CPU
		{2AC22AAB-0494-4BC8-8C24-8FD9675B86B7}.Release|Any CPU.ActiveCfg = Release|Any CPU
		{2AC22AAB-0494-4BC8-8C24-8FD9675B86B7}.Release|Any CPU.Build.0 = Release|Any CPU
		{1BC709C7-5DAC-40B6-873D-EF71D085CF3D}.Debug|Any CPU.ActiveCfg = Debug|Any CPU
		{1BC709C7-5DAC-40B6-873D-EF71D085CF3D}.Debug|Any CPU.Build.0 = Debug|Any CPU
		{1BC709C7-5DAC-40B6-873D-EF71D085CF3D}.Release|Any CPU.ActiveCfg = Release|Any CPU
		{1BC709C7-5DAC-40B6-873D-EF71D085CF3D}.Release|Any CPU.Build.0 = Release|Any CPU
	EndGlobalSection
	GlobalSection(SolutionProperties) = preSolution
		HideSolutionNode = FALSE
	EndGlobalSection
	GlobalSection(ExtensibilityGlobals) = postSolution
		SolutionGuid = {B833CD9F-2335-40AB-875E-56D3ED4289AE}
	EndGlobalSection
EndGlobal
